// !$*UTF8*$!
{
	archiveVersion = 1;
	classes = {
	};
	objectVersion = 46;
	objects = {

/* Begin PBXBuildFile section */
		1735A7BE1CB893890018D6BC /* main.m in Sources */ = {isa = PBXBuildFile; fileRef = 1735A7BD1CB893890018D6BC /* main.m */; };
		1735A7C11CB893890018D6BC /* AppDelegate.m in Sources */ = {isa = PBXBuildFile; fileRef = 1735A7C01CB893890018D6BC /* AppDelegate.m */; };
		1735A7C41CB893890018D6BC /* ViewController.m in Sources */ = {isa = PBXBuildFile; fileRef = 1735A7C31CB893890018D6BC /* ViewController.m */; };
		1735A7C71CB893890018D6BC /* Main.storyboard in Resources */ = {isa = PBXBuildFile; fileRef = 1735A7C51CB893890018D6BC /* Main.storyboard */; };
		1735A7C91CB893890018D6BC /* Assets.xcassets in Resources */ = {isa = PBXBuildFile; fileRef = 1735A7C81CB893890018D6BC /* Assets.xcassets */; };
		1735A7CC1CB893890018D6BC /* LaunchScreen.storyboard in Resources */ = {isa = PBXBuildFile; fileRef = 1735A7CA1CB893890018D6BC /* LaunchScreen.storyboard */; };
		1735A7D71CB893890018D6BC /* NSCahceDemoUITests.m in Sources */ = {isa = PBXBuildFile; fileRef = 1735A7D61CB893890018D6BC /* NSCahceDemoUITests.m */; };
		1735A7E41CB8A9B50018D6BC /* CacheManager.m in Sources */ = {isa = PBXBuildFile; fileRef = 1735A7E31CB8A9B50018D6BC /* CacheManager.m */; };
		1735A7E71CB8AB670018D6BC /* CachedTableViewCell.m in Sources */ = {isa = PBXBuildFile; fileRef = 1735A7E61CB8AB670018D6BC /* CachedTableViewCell.m */; };
		1735A7EB1CB8B1130018D6BC /* Default-568h@2x.png in Resources */ = {isa = PBXBuildFile; fileRef = 1735A7E81CB8B1130018D6BC /* Default-568h@2x.png */; };
		1735A7EC1CB8B1130018D6BC /* Default.png in Resources */ = {isa = PBXBuildFile; fileRef = 1735A7E91CB8B1130018D6BC /* Default.png */; };
		1735A7ED1CB8B1130018D6BC /* Default@2x.png in Resources */ = {isa = PBXBuildFile; fileRef = 1735A7EA1CB8B1130018D6BC /* Default@2x.png */; };
/* End PBXBuildFile section */

/* Begin PBXContainerItemProxy section */
		1735A7D31CB893890018D6BC /* PBXContainerItemProxy */ = {
			isa = PBXContainerItemProxy;
			containerPortal = 1735A7B11CB893880018D6BC /* Project object */;
			proxyType = 1;
			remoteGlobalIDString = 1735A7B81CB893880018D6BC;
			remoteInfo = NSCahceDemo;
		};
/* End PBXContainerItemProxy section */

/* Begin PBXFileReference section */
		1735A7B91CB893880018D6BC /* NSCacheDemo.app */ = {isa = PBXFileReference; explicitFileType = wrapper.application; includeInIndex = 0; path = NSCacheDemo.app; sourceTree = BUILT_PRODUCTS_DIR; };
		1735A7BD1CB893890018D6BC /* main.m */ = {isa = PBXFileReference; lastKnownFileType = sourcecode.c.objc; path = main.m; sourceTree = "<group>"; };
		1735A7BF1CB893890018D6BC /* AppDelegate.h */ = {isa = PBXFileReference; lastKnownFileType = sourcecode.c.h; path = AppDelegate.h; sourceTree = "<group>"; };
		1735A7C01CB893890018D6BC /* AppDelegate.m */ = {isa = PBXFileReference; lastKnownFileType = sourcecode.c.objc; path = AppDelegate.m; sourceTree = "<group>"; };
		1735A7C21CB893890018D6BC /* ViewController.h */ = {isa = PBXFileReference; lastKnownFileType = sourcecode.c.h; path = ViewController.h; sourceTree = "<group>"; };
		1735A7C31CB893890018D6BC /* ViewController.m */ = {isa = PBXFileReference; lastKnownFileType = sourcecode.c.objc; path = ViewController.m; sourceTree = "<group>"; };
		1735A7C61CB893890018D6BC /* Base */ = {isa = PBXFileReference; lastKnownFileType = file.storyboard; name = Base; path = Base.lproj/Main.storyboard; sourceTree = "<group>"; };
		1735A7C81CB893890018D6BC /* Assets.xcassets */ = {isa = PBXFileReference; lastKnownFileType = folder.assetcatalog; path = Assets.xcassets; sourceTree = "<group>"; };
		1735A7CB1CB893890018D6BC /* Base */ = {isa = PBXFileReference; lastKnownFileType = file.storyboard; name = Base; path = Base.lproj/LaunchScreen.storyboard; sourceTree = "<group>"; };
		1735A7CD1CB893890018D6BC /* Info.plist */ = {isa = PBXFileReference; lastKnownFileType = text.plist.xml; path = Info.plist; sourceTree = "<group>"; };
		1735A7D21CB893890018D6BC /* NSCacheDemo.xctest */ = {isa = PBXFileReference; explicitFileType = wrapper.cfbundle; includeInIndex = 0; path = NSCacheDemo.xctest; sourceTree = BUILT_PRODUCTS_DIR; };
		1735A7D61CB893890018D6BC /* NSCahceDemoUITests.m */ = {isa = PBXFileReference; lastKnownFileType = sourcecode.c.objc; path = NSCahceDemoUITests.m; sourceTree = "<group>"; };
		1735A7D81CB893890018D6BC /* Info.plist */ = {isa = PBXFileReference; lastKnownFileType = text.plist.xml; path = Info.plist; sourceTree = "<group>"; };
		1735A7E21CB8A9B50018D6BC /* CacheManager.h */ = {isa = PBXFileReference; fileEncoding = 4; lastKnownFileType = sourcecode.c.h; path = CacheManager.h; sourceTree = "<group>"; };
		1735A7E31CB8A9B50018D6BC /* CacheManager.m */ = {isa = PBXFileReference; fileEncoding = 4; lastKnownFileType = sourcecode.c.objc; path = CacheManager.m; sourceTree = "<group>"; };
		1735A7E51CB8AB670018D6BC /* CachedTableViewCell.h */ = {isa = PBXFileReference; fileEncoding = 4; lastKnownFileType = sourcecode.c.h; path = CachedTableViewCell.h; sourceTree = "<group>"; };
		1735A7E61CB8AB670018D6BC /* CachedTableViewCell.m */ = {isa = PBXFileReference; fileEncoding = 4; lastKnownFileType = sourcecode.c.objc; path = CachedTableViewCell.m; sourceTree = "<group>"; };
		1735A7E81CB8B1130018D6BC /* Default-568h@2x.png */ = {isa = PBXFileReference; lastKnownFileType = image.png; path = "Default-568h@2x.png"; sourceTree = "<group>"; };
		1735A7E91CB8B1130018D6BC /* Default.png */ = {isa = PBXFileReference; lastKnownFileType = image.png; path = Default.png; sourceTree = "<group>"; };
		1735A7EA1CB8B1130018D6BC /* Default@2x.png */ = {isa = PBXFileReference; lastKnownFileType = image.png; path = "Default@2x.png"; sourceTree = "<group>"; };
/* End PBXFileReference section */

/* Begin PBXFrameworksBuildPhase section */
		1735A7B61CB893880018D6BC /* Frameworks */ = {
			isa = PBXFrameworksBuildPhase;
			buildActionMask = 2147483647;
			files = (
			);
			runOnlyForDeploymentPostprocessing = 0;
		};
		1735A7CF1CB893890018D6BC /* Frameworks */ = {
			isa = PBXFrameworksBuildPhase;
			buildActionMask = 2147483647;
			files = (
			);
			runOnlyForDeploymentPostprocessing = 0;
		};
/* End PBXFrameworksBuildPhase section */

/* Begin PBXGroup section */
		1735A7B01CB893880018D6BC = {
			isa = PBXGroup;
			children = (
				1735A7BB1CB893890018D6BC /* NSCahceDemo */,
				1735A7D51CB893890018D6BC /* NSCahceDemoUITests */,
				1735A7BA1CB893880018D6BC /* Products */,
			);
			sourceTree = "<group>";
		};
		1735A7BA1CB893880018D6BC /* Products */ = {
			isa = PBXGroup;
			children = (
				1735A7B91CB893880018D6BC /* NSCacheDemo.app */,
				1735A7D21CB893890018D6BC /* NSCacheDemo.xctest */,
			);
			name = Products;
			sourceTree = "<group>";
		};
		1735A7BB1CB893890018D6BC /* NSCahceDemo */ = {
			isa = PBXGroup;
			children = (
				1735A7E11CB8A97D0018D6BC /* Cache */,
				1735A7E51CB8AB670018D6BC /* CachedTableViewCell.h */,
				1735A7E61CB8AB670018D6BC /* CachedTableViewCell.m */,
				1735A7BF1CB893890018D6BC /* AppDelegate.h */,
				1735A7C01CB893890018D6BC /* AppDelegate.m */,
				1735A7C21CB893890018D6BC /* ViewController.h */,
				1735A7C31CB893890018D6BC /* ViewController.m */,
				1735A7C51CB893890018D6BC /* Main.storyboard */,
				1735A7C81CB893890018D6BC /* Assets.xcassets */,
				1735A7CA1CB893890018D6BC /* LaunchScreen.storyboard */,
				1735A7CD1CB893890018D6BC /* Info.plist */,
				1735A7BC1CB893890018D6BC /* Supporting Files */,
			);
			path = NSCahceDemo;
			sourceTree = "<group>";
		};
		1735A7BC1CB893890018D6BC /* Supporting Files */ = {
			isa = PBXGroup;
			children = (
				1735A7E81CB8B1130018D6BC /* Default-568h@2x.png */,
				1735A7E91CB8B1130018D6BC /* Default.png */,
				1735A7EA1CB8B1130018D6BC /* Default@2x.png */,
				1735A7BD1CB893890018D6BC /* main.m */,
			);
			name = "Supporting Files";
			sourceTree = "<group>";
		};
		1735A7D51CB893890018D6BC /* NSCahceDemoUITests */ = {
			isa = PBXGroup;
			children = (
				1735A7D61CB893890018D6BC /* NSCahceDemoUITests.m */,
				1735A7D81CB893890018D6BC /* Info.plist */,
			);
			path = NSCahceDemoUITests;
			sourceTree = "<group>";
		};
		1735A7E11CB8A97D0018D6BC /* Cache */ = {
			isa = PBXGroup;
			children = (
				1735A7E21CB8A9B50018D6BC /* CacheManager.h */,
				1735A7E31CB8A9B50018D6BC /* CacheManager.m */,
			);
			path = Cache;
			sourceTree = "<group>";
		};
/* End PBXGroup section */

/* Begin PBXNativeTarget section */
		1735A7B81CB893880018D6BC /* NSCacheDemo */ = {
			isa = PBXNativeTarget;
			buildConfigurationList = 1735A7DB1CB893890018D6BC /* Build configuration list for PBXNativeTarget "NSCacheDemo" */;
			buildPhases = (
				1735A7B51CB893880018D6BC /* Sources */,
				1735A7B61CB893880018D6BC /* Frameworks */,
				1735A7B71CB893880018D6BC /* Resources */,
			);
			buildRules = (
			);
			dependencies = (
			);
			name = NSCacheDemo;
			productName = NSCahceDemo;
			productReference = 1735A7B91CB893880018D6BC /* NSCacheDemo.app */;
			productType = "com.apple.product-type.application";
		};
		1735A7D11CB893890018D6BC /* NSCacheDemoUITests */ = {
			isa = PBXNativeTarget;
			buildConfigurationList = 1735A7DE1CB893890018D6BC /* Build configuration list for PBXNativeTarget "NSCacheDemoUITests" */;
			buildPhases = (
				1735A7CE1CB893890018D6BC /* Sources */,
				1735A7CF1CB893890018D6BC /* Frameworks */,
				1735A7D01CB893890018D6BC /* Resources */,
			);
			buildRules = (
			);
			dependencies = (
				1735A7D41CB893890018D6BC /* PBXTargetDependency */,
			);
			name = NSCacheDemoUITests;
			productName = NSCahceDemoUITests;
			productReference = 1735A7D21CB893890018D6BC /* NSCacheDemo.xctest */;
			productType = "com.apple.product-type.bundle.ui-testing";
		};
/* End PBXNativeTarget section */

/* Begin PBXProject section */
		1735A7B11CB893880018D6BC /* Project object */ = {
			isa = PBXProject;
			attributes = {
				LastUpgradeCheck = 0730;
				ORGANIZATIONNAME = SongChunMin;
				TargetAttributes = {
					1735A7B81CB893880018D6BC = {
						CreatedOnToolsVersion = 7.3;
					};
					1735A7D11CB893890018D6BC = {
						CreatedOnToolsVersion = 7.3;
						TestTargetID = 1735A7B81CB893880018D6BC;
					};
				};
			};
			buildConfigurationList = 1735A7B41CB893880018D6BC /* Build configuration list for PBXProject "NSCacheDemo" */;
			compatibilityVersion = "Xcode 3.2";
			developmentRegion = English;
			hasScannedForEncodings = 0;
			knownRegions = (
				en,
				Base,
			);
			mainGroup = 1735A7B01CB893880018D6BC;
			productRefGroup = 1735A7BA1CB893880018D6BC /* Products */;
			projectDirPath = "";
			projectRoot = "";
			targets = (
				1735A7B81CB893880018D6BC /* NSCacheDemo */,
				1735A7D11CB893890018D6BC /* NSCacheDemoUITests */,
			);
		};
/* End PBXProject section */

/* Begin PBXResourcesBuildPhase section */
		1735A7B71CB893880018D6BC /* Resources */ = {
			isa = PBXResourcesBuildPhase;
			buildActionMask = 2147483647;
			files = (
				1735A7ED1CB8B1130018D6BC /* Default@2x.png in Resources */,
				1735A7CC1CB893890018D6BC /* LaunchScreen.storyboard in Resources */,
				1735A7EB1CB8B1130018D6BC /* Default-568h@2x.png in Resources */,
				1735A7C91CB893890018D6BC /* Assets.xcassets in Resources */,
				1735A7C71CB893890018D6BC /* Main.storyboard in Resources */,
				1735A7EC1CB8B1130018D6BC /* Default.png in Resources */,
			);
			runOnlyForDeploymentPostprocessing = 0;
		};
		1735A7D01CB893890018D6BC /* Resources */ = {
			isa = PBXResourcesBuildPhase;
			buildActionMask = 2147483647;
			files = (
			);
			runOnlyForDeploymentPostprocessing = 0;
		};
/* End PBXResourcesBuildPhase section */

/* Begin PBXSourcesBuildPhase section */
		1735A7B51CB893880018D6BC /* Sources */ = {
			isa = PBXSourcesBuildPhase;
			buildActionMask = 2147483647;
			files = (
				1735A7E41CB8A9B50018D6BC /* CacheManager.m in Sources */,
				1735A7E71CB8AB670018D6BC /* CachedTableViewCell.m in Sources */,
				1735A7C41CB893890018D6BC /* ViewController.m in Sources */,
				1735A7C11CB893890018D6BC /* AppDelegate.m in Sources */,
				1735A7BE1CB893890018D6BC /* main.m in Sources */,
			);
			runOnlyForDeploymentPostprocessing = 0;
		};
		1735A7CE1CB893890018D6BC /* Sources */ = {
			isa = PBXSourcesBuildPhase;
			buildActionMask = 2147483647;
			files = (
				1735A7D71CB893890018D6BC /* NSCahceDemoUITests.m in Sources */,
			);
			runOnlyForDeploymentPostprocessing = 0;
		};
/* End PBXSourcesBuildPhase section */

/* Begin PBXTargetDependency section */
		1735A7D41CB893890018D6BC /* PBXTargetDependency */ = {
			isa = PBXTargetDependency;
			target = 1735A7B81CB893880018D6BC /* NSCacheDemo */;
			targetProxy = 1735A7D31CB893890018D6BC /* PBXContainerItemProxy */;
		};
/* End PBXTargetDependency section */

/* Begin PBXVariantGroup section */
		1735A7C51CB893890018D6BC /* Main.storyboard */ = {
			isa = PBXVariantGroup;
			children = (
				1735A7C61CB893890018D6BC /* Base */,
			);
			name = Main.storyboard;
			sourceTree = "<group>";
		};
		1735A7CA1CB893890018D6BC /* LaunchScreen.storyboard */ = {
			isa = PBXVariantGroup;
			children = (
				1735A7CB1CB893890018D6BC /* Base */,
			);
			name = LaunchScreen.storyboard;
			sourceTree = "<group>";
		};
/* End PBXVariantGroup section */

/* Begin XCBuildConfiguration section */
		1735A7D91CB893890018D6BC /* Debug */ = {
			isa = XCBuildConfiguration;
			buildSettings = {
				ALWAYS_SEARCH_USER_PATHS = NO;
				CLANG_ANALYZER_NONNULL = YES;
				CLANG_CXX_LANGUAGE_STANDARD = "gnu++0x";
				CLANG_CXX_LIBRARY = "libc++";
				CLANG_ENABLE_MODULES = YES;
				CLANG_ENABLE_OBJC_ARC = YES;
				CLANG_WARN_BOOL_CONVERSION = YES;
				CLANG_WARN_CONSTANT_CONVERSION = YES;
				CLANG_WARN_DIRECT_OBJC_ISA_USAGE = YES_ERROR;
				CLANG_WARN_EMPTY_BODY = YES;
				CLANG_WARN_ENUM_CONVERSION = YES;
				CLANG_WARN_INT_CONVERSION = YES;
				CLANG_WARN_OBJC_ROOT_CLASS = YES_ERROR;
				CLANG_WARN_UNREACHABLE_CODE = YES;
				CLANG_WARN__DUPLICATE_METHOD_MATCH = YES;
				"CODE_SIGN_IDENTITY[sdk=iphoneos*]" = "iPhone Developer";
				COPY_PHASE_STRIP = NO;
				DEBUG_INFORMATION_FORMAT = dwarf;
				ENABLE_STRICT_OBJC_MSGSEND = YES;
				ENABLE_TESTABILITY = YES;
				GCC_C_LANGUAGE_STANDARD = gnu99;
				GCC_DYNAMIC_NO_PIC = NO;
				GCC_NO_COMMON_BLOCKS = YES;
				GCC_OPTIMIZATION_LEVEL = 0;
				GCC_PREPROCESSOR_DEFINITIONS = (
					"DEBUG=1",
					"$(inherited)",
				);
				GCC_WARN_64_TO_32_BIT_CONVERSION = YES;
				GCC_WARN_ABOUT_RETURN_TYPE = YES_ERROR;
				GCC_WARN_UNDECLARED_SELECTOR = YES;
				GCC_WARN_UNINITIALIZED_AUTOS = YES_AGGRESSIVE;
				GCC_WARN_UNUSED_FUNCTION = YES;
				GCC_WARN_UNUSED_VARIABLE = YES;
				IPHONEOS_DEPLOYMENT_TARGET = 8.3;
				MTL_ENABLE_DEBUG_INFO = YES;
				ONLY_ACTIVE_ARCH = YES;
				SDKROOT = iphoneos;
			};
			name = Debug;
		};
		1735A7DA1CB893890018D6BC /* Release */ = {
			isa = XCBuildConfiguration;
			buildSettings = {
				ALWAYS_SEARCH_USER_PATHS = NO;
				CLANG_ANALYZER_NONNULL = YES;
				CLANG_CXX_LANGUAGE_STANDARD = "gnu++0x";
				CLANG_CXX_LIBRARY = "libc++";
				CLANG_ENABLE_MODULES = YES;
				CLANG_ENABLE_OBJC_ARC = YES;
				CLANG_WARN_BOOL_CONVERSION = YES;
				CLANG_WARN_CONSTANT_CONVERSION = YES;
				CLANG_WARN_DIRECT_OBJC_ISA_USAGE = YES_ERROR;
				CLANG_WARN_EMPTY_BODY = YES;
				CLANG_WARN_ENUM_CONVERSION = YES;
				CLANG_WARN_INT_CONVERSION = YES;
				CLANG_WARN_OBJC_ROOT_CLASS = YES_ERROR;
				CLANG_WARN_UNREACHABLE_CODE = YES;
				CLANG_WARN__DUPLICATE_METHOD_MATCH = YES;
				"CODE_SIGN_IDENTITY[sdk=iphoneos*]" = "iPhone Developer";
				COPY_PHASE_STRIP = NO;
				DEBUG_INFORMATION_FORMAT = "dwarf-with-dsym";
				ENABLE_NS_ASSERTIONS = NO;
				ENABLE_STRICT_OBJC_MSGSEND = YES;
				GCC_C_LANGUAGE_STANDARD = gnu99;
				GCC_NO_COMMON_BLOCKS = YES;
				GCC_WARN_64_TO_32_BIT_CONVERSION = YES;
				GCC_WARN_ABOUT_RETURN_TYPE = YES_ERROR;
				GCC_WARN_UNDECLARED_SELECTOR = YES;
				GCC_WARN_UNINITIALIZED_AUTOS = YES_AGGRESSIVE;
				GCC_WARN_UNUSED_FUNCTION = YES;
				GCC_WARN_UNUSED_VARIABLE = YES;
				IPHONEOS_DEPLOYMENT_TARGET = 8.3;
				MTL_ENABLE_DEBUG_INFO = NO;
				SDKROOT = iphoneos;
				VALIDATE_PRODUCT = YES;
			};
			name = Release;
		};
		1735A7DC1CB893890018D6BC /* Debug */ = {
			isa = XCBuildConfiguration;
			buildSettings = {
				ASSETCATALOG_COMPILER_APPICON_NAME = AppIcon;
				INFOPLIST_FILE = NSCahceDemo/Info.plist;
				IPHONEOS_DEPLOYMENT_TARGET = 8.4;
				LD_RUNPATH_SEARCH_PATHS = "$(inherited) @executable_path/Frameworks";
				PRODUCT_BUNDLE_IDENTIFIER = com.scm.NSCahceDemo;
				PRODUCT_NAME = NSCacheDemo;
			};
			name = Debug;
		};
		1735A7DD1CB893890018D6BC /* Release */ = {
			isa = XCBuildConfiguration;
			buildSettings = {
				ASSETCATALOG_COMPILER_APPICON_NAME = AppIcon;
				INFOPLIST_FILE = NSCahceDemo/Info.plist;
				IPHONEOS_DEPLOYMENT_TARGET = 8.4;
				LD_RUNPATH_SEARCH_PATHS = "$(inherited) @executable_path/Frameworks";
				PRODUCT_BUNDLE_IDENTIFIER = com.scm.NSCahceDemo;
				PRODUCT_NAME = NSCacheDemo;
			};
			name = Release;
		};
		1735A7DF1CB893890018D6BC /* Debug */ = {
			isa = XCBuildConfiguration;
			buildSettings = {
				INFOPLIST_FILE = NSCahceDemoUITests/Info.plist;
				LD_RUNPATH_SEARCH_PATHS = "$(inherited) @executable_path/Frameworks @loader_path/Frameworks";
				PRODUCT_BUNDLE_IDENTIFIER = com.scm.NSCahceDemoUITests;
				PRODUCT_NAME = NSCacheDemo;
				TEST_TARGET_NAME = NSCahceDemo;
			};
			name = Debug;
		};
		1735A7E01CB893890018D6BC /* Release */ = {
			isa = XCBuildConfiguration;
			buildSettings = {
				INFOPLIST_FILE = NSCahceDemoUITests/Info.plist;
				LD_RUNPATH_SEARCH_PATHS = "$(inherited) @executable_path/Frameworks @loader_path/Frameworks";
				PRODUCT_BUNDLE_IDENTIFIER = com.scm.NSCahceDemoUITests;
				PRODUCT_NAME = NSCacheDemo;
				TEST_TARGET_NAME = NSCahceDemo;
			};
			name = Release;
		};
/* End XCBuildConfiguration section */

/* Begin XCConfigurationList section */
		1735A7B41CB893880018D6BC /* Build configuration list for PBXProject "NSCacheDemo" */ = {
			isa = XCConfigurationList;
			buildConfigurations = (
				1735A7D91CB893890018D6BC /* Debug */,
				1735A7DA1CB893890018D6BC /* Release */,
			);
			defaultConfigurationIsVisible = 0;
			defaultConfigurationName = Release;
		};
		1735A7DB1CB893890018D6BC /* Build configuration list for PBXNativeTarget "NSCacheDemo" */ = {
			isa = XCConfigurationList;
			buildConfigurations = (
				1735A7DC1CB893890018D6BC /* Debug */,
				1735A7DD1CB893890018D6BC /* Release */,
			);
			defaultConfigurationIsVisible = 0;
		};
		1735A7DE1CB893890018D6BC /* Build configuration list for PBXNativeTarget "NSCacheDemoUITests" */ = {
			isa = XCConfigurationList;
			buildConfigurations = (
				1735A7DF1CB893890018D6BC /* Debug */,
				1735A7E01CB893890018D6BC /* Release */,
			);
			defaultConfigurationIsVisible = 0;
		};
/* End XCConfigurationList section */
	};
	rootObject = 1735A7B11CB893880018D6BC /* Project object */;
}
